
Microsoft Visual Studio Solution File, Format Version 12.00
# Visual Studio 15
VisualStudioVersion = 15.0.28307.271
MinimumVisualStudioVersion = 10.0.40219.1
Project("{FAE04EC0-301F-11D3-BF4B-00C04F79EFBC}") = "SpMedGroup", "SpMedGroup\SpMedGroup.csproj", "{12A26A12-DEEE-4AB8-B358-70C0FD882CD6}"
EndProject
Global
	GlobalSection(SolutionConfigurationPlatforms) = preSolution
		Debug|Any CPU = Debug|Any CPU
		Release|Any CPU = Release|Any CPU
	EndGlobalSection
	GlobalSection(ProjectConfigurationPlatforms) = postSolution
		{12A26A12-DEEE-4AB8-B358-70C0FD882CD6}.Debug|Any CPU.ActiveCfg = Debug|Any CPU
		{12A26A12-DEEE-4AB8-B358-70C0FD882CD6}.Debug|Any CPU.Build.0 = Debug|Any CPU
		{12A26A12-DEEE-4AB8-B358-70C0FD882CD6}.Release|Any CPU.ActiveCfg = Release|Any CPU
		{12A26A12-DEEE-4AB8-B358-70C0FD882CD6}.Release|Any CPU.Build.0 = Release|Any CPU
	EndGlobalSection
	GlobalSection(SolutionProperties) = preSolution
		HideSolutionNode = FALSE
	EndGlobalSection
	GlobalSection(ExtensibilityGlobals) = postSolution
		SolutionGuid = {536C7007-EDB4-4BE1-8648-E095787A0FA1}
	EndGlobalSection
EndGlobal
